
Microsoft Visual Studio Solution File, Format Version 12.00
# Visual Studio Version 16
VisualStudioVersion = 16.0.31424.327
MinimumVisualStudioVersion = 10.0.40219.1
Project("{9A19103F-16F7-4668-BE54-9A1E7A4F7556}") = "haha", "haha\haha.csproj", "{850DB3F7-FD6E-4D26-9301-A0E9590787D1}"
EndProject
Project("{9A19103F-16F7-4668-BE54-9A1E7A4F7556}") = "Neo4jClientRepository", "Neo4jClientRepository\Neo4jClientRepository.csproj", "{DB57C39C-DE25-4C53-B913-C6A0BE620F08}"
EndProject
Project("{9A19103F-16F7-4668-BE54-9A1E7A4F7556}") = "zModelLayer", "zModelLayer\zModelLayer.csproj", "{186FB966-549A-4CEC-995E-2E605DDA0DFC}"
EndProject
Project("{9A19103F-16F7-4668-BE54-9A1E7A4F7556}") = "SQLClientRepository", "SQLClientRepository\SQLClientRepository.csproj", "{6130A553-2DBF-4D28-B9A9-807FCF2DC3D9}"
EndProject
Project("{9A19103F-16F7-4668-BE54-9A1E7A4F7556}") = "zAzureClientRepository", "zAzureClientRepository\zAzureClientRepository.csproj", "{1AF9C979-9D08-453F-A724-8C6EEB26B072}"
EndProject
Project("{9A19103F-16F7-4668-BE54-9A1E7A4F7556}") = "zFireBaseRepository", "zFireBaseRepository\zFireBaseRepository.csproj", "{D781ACB2-3ABA-4517-899B-3975A5AD83E9}"
EndProject
Project("{9A19103F-16F7-4668-BE54-9A1E7A4F7556}") = "zGoogleCloudStorageClient", "zGoogleCloudStorageClient\zGoogleCloudStorageClient.csproj", "{6EEF0F31-305F-4E14-8F1C-8C289BE59E95}"
EndProject
Project("{9A19103F-16F7-4668-BE54-9A1E7A4F7556}") = "zLineBotRepository", "zLineBotRepository\zLineBotRepository.csproj", "{F274ED51-EB96-4DDE-8AB7-1A4D18C7855D}"
EndProject
Project("{9A19103F-16F7-4668-BE54-9A1E7A4F7556}") = "zWebCrawlingRepository", "zWebCrawlingRepository\zWebCrawlingRepository.csproj", "{9570DD3F-4595-4F1F-B607-3B35D9FDE796}"
EndProject
Project("{9A19103F-16F7-4668-BE54-9A1E7A4F7556}") = "zFluentAPIRepository", "zFluentAPIRepository\zFluentAPIRepository.csproj", "{BB6C989F-09E5-45A0-8E29-ED3C8792B839}"
EndProject
Project("{9A19103F-16F7-4668-BE54-9A1E7A4F7556}") = "zAutoMapperRepository", "zAutoMapperRepository\zAutoMapperRepository.csproj", "{A6227EC1-7690-495C-8DE4-298D9BC0BC21}"
EndProject
Project("{9A19103F-16F7-4668-BE54-9A1E7A4F7556}") = "zIdentityServerRepository", "zIdentityServerRepository\zIdentityServerRepository.csproj", "{ABFF07A0-1120-4487-BAB7-8CD00D9F36CD}"
EndProject
Project("{9A19103F-16F7-4668-BE54-9A1E7A4F7556}") = "zPostgreSQLRepository", "zPostgreSQLRepository\zPostgreSQLRepository.csproj", "{4E29981D-E313-44BF-8610-9C22C87925E9}"
EndProject
Project("{FAE04EC0-301F-11D3-BF4B-00C04F79EFBC}") = "MongodbClientRepository", "MongodbClientRepository\MongodbClientRepository.csproj", "{D339CF84-8E65-450B-89A8-F7346198874B}"
EndProject
Global
	GlobalSection(SolutionConfigurationPlatforms) = preSolution
		Debug|Any CPU = Debug|Any CPU
		Release|Any CPU = Release|Any CPU
	EndGlobalSection
	GlobalSection(ProjectConfigurationPlatforms) = postSolution
		{850DB3F7-FD6E-4D26-9301-A0E9590787D1}.Debug|Any CPU.ActiveCfg = Debug|Any CPU
		{850DB3F7-FD6E-4D26-9301-A0E9590787D1}.Debug|Any CPU.Build.0 = Debug|Any CPU
		{850DB3F7-FD6E-4D26-9301-A0E9590787D1}.Release|Any CPU.ActiveCfg = Release|Any CPU
		{850DB3F7-FD6E-4D26-9301-A0E9590787D1}.Release|Any CPU.Build.0 = Release|Any CPU
		{DB57C39C-DE25-4C53-B913-C6A0BE620F08}.Debug|Any CPU.ActiveCfg = Debug|Any CPU
		{DB57C39C-DE25-4C53-B913-C6A0BE620F08}.Debug|Any CPU.Build.0 = Debug|Any CPU
		{DB57C39C-DE25-4C53-B913-C6A0BE620F08}.Release|Any CPU.ActiveCfg = Release|Any CPU
		{DB57C39C-DE25-4C53-B913-C6A0BE620F08}.Release|Any CPU.Build.0 = Release|Any CPU
		{186FB966-549A-4CEC-995E-2E605DDA0DFC}.Debug|Any CPU.ActiveCfg = Debug|Any CPU
		{186FB966-549A-4CEC-995E-2E605DDA0DFC}.Debug|Any CPU.Build.0 = Debug|Any CPU
		{186FB966-549A-4CEC-995E-2E605DDA0DFC}.Release|Any CPU.ActiveCfg = Release|Any CPU
		{186FB966-549A-4CEC-995E-2E605DDA0DFC}.Release|Any CPU.Build.0 = Release|Any CPU
		{6130A553-2DBF-4D28-B9A9-807FCF2DC3D9}.Debug|Any CPU.ActiveCfg = Debug|Any CPU
		{6130A553-2DBF-4D28-B9A9-807FCF2DC3D9}.Debug|Any CPU.Build.0 = Debug|Any CPU
		{6130A553-2DBF-4D28-B9A9-807FCF2DC3D9}.Release|Any CPU.ActiveCfg = Release|Any CPU
		{6130A553-2DBF-4D28-B9A9-807FCF2DC3D9}.Release|Any CPU.Build.0 = Release|Any CPU
		{1AF9C979-9D08-453F-A724-8C6EEB26B072}.Debug|Any CPU.ActiveCfg = Debug|Any CPU
		{1AF9C979-9D08-453F-A724-8C6EEB26B072}.Debug|Any CPU.Build.0 = Debug|Any CPU
		{1AF9C979-9D08-453F-A724-8C6EEB26B072}.Release|Any CPU.ActiveCfg = Release|Any CPU
		{1AF9C979-9D08-453F-A724-8C6EEB26B072}.Release|Any CPU.Build.0 = Release|Any CPU
		{D781ACB2-3ABA-4517-899B-3975A5AD83E9}.Debug|Any CPU.ActiveCfg = Debug|Any CPU
		{D781ACB2-3ABA-4517-899B-3975A5AD83E9}.Debug|Any CPU.Build.0 = Debug|Any CPU
		{D781ACB2-3ABA-4517-899B-3975A5AD83E9}.Release|Any CPU.ActiveCfg = Release|Any CPU
		{D781ACB2-3ABA-4517-899B-3975A5AD83E9}.Release|Any CPU.Build.0 = Release|Any CPU
		{6EEF0F31-305F-4E14-8F1C-8C289BE59E95}.Debug|Any CPU.ActiveCfg = Debug|Any CPU
		{6EEF0F31-305F-4E14-8F1C-8C289BE59E95}.Debug|Any CPU.Build.0 = Debug|Any CPU
		{6EEF0F31-305F-4E14-8F1C-8C289BE59E95}.Release|Any CPU.ActiveCfg = Release|Any CPU
		{6EEF0F31-305F-4E14-8F1C-8C289BE59E95}.Release|Any CPU.Build.0 = Release|Any CPU
		{F274ED51-EB96-4DDE-8AB7-1A4D18C7855D}.Debug|Any CPU.ActiveCfg = Debug|Any CPU
		{F274ED51-EB96-4DDE-8AB7-1A4D18C7855D}.Debug|Any CPU.Build.0 = Debug|Any CPU
		{F274ED51-EB96-4DDE-8AB7-1A4D18C7855D}.Release|Any CPU.ActiveCfg = Release|Any CPU
		{F274ED51-EB96-4DDE-8AB7-1A4D18C7855D}.Release|Any CPU.Build.0 = Release|Any CPU
		{9570DD3F-4595-4F1F-B607-3B35D9FDE796}.Debug|Any CPU.ActiveCfg = Debug|Any CPU
		{9570DD3F-4595-4F1F-B607-3B35D9FDE796}.Debug|Any CPU.Build.0 = Debug|Any CPU
		{9570DD3F-4595-4F1F-B607-3B35D9FDE796}.Release|Any CPU.ActiveCfg = Release|Any CPU
		{9570DD3F-4595-4F1F-B607-3B35D9FDE796}.Release|Any CPU.Build.0 = Release|Any CPU
		{BB6C989F-09E5-45A0-8E29-ED3C8792B839}.Debug|Any CPU.ActiveCfg = Debug|Any CPU
		{BB6C989F-09E5-45A0-8E29-ED3C8792B839}.Debug|Any CPU.Build.0 = Debug|Any CPU
		{BB6C989F-09E5-45A0-8E29-ED3C8792B839}.Release|Any CPU.ActiveCfg = Release|Any CPU
		{BB6C989F-09E5-45A0-8E29-ED3C8792B839}.Release|Any CPU.Build.0 = Release|Any CPU
		{A6227EC1-7690-495C-8DE4-298D9BC0BC21}.Debug|Any CPU.ActiveCfg = Debug|Any CPU
		{A6227EC1-7690-495C-8DE4-298D9BC0BC21}.Debug|Any CPU.Build.0 = Debug|Any CPU
		{A6227EC1-7690-495C-8DE4-298D9BC0BC21}.Release|Any CPU.ActiveCfg = Release|Any CPU
		{A6227EC1-7690-495C-8DE4-298D9BC0BC21}.Release|Any CPU.Build.0 = Release|Any CPU
		{ABFF07A0-1120-4487-BAB7-8CD00D9F36CD}.Debug|Any CPU.ActiveCfg = Debug|Any CPU
		{ABFF07A0-1120-4487-BAB7-8CD00D9F36CD}.Debug|Any CPU.Build.0 = Debug|Any CPU
		{ABFF07A0-1120-4487-BAB7-8CD00D9F36CD}.Release|Any CPU.ActiveCfg = Release|Any CPU
		{ABFF07A0-1120-4487-BAB7-8CD00D9F36CD}.Release|Any CPU.Build.0 = Release|Any CPU
		{4E29981D-E313-44BF-8610-9C22C87925E9}.Debug|Any CPU.ActiveCfg = Debug|Any CPU
		{4E29981D-E313-44BF-8610-9C22C87925E9}.Debug|Any CPU.Build.0 = Debug|Any CPU
		{4E29981D-E313-44BF-8610-9C22C87925E9}.Release|Any CPU.ActiveCfg = Release|Any CPU
		{4E29981D-E313-44BF-8610-9C22C87925E9}.Release|Any CPU.Build.0 = Release|Any CPU
		{D339CF84-8E65-450B-89A8-F7346198874B}.Debug|Any CPU.ActiveCfg = Debug|Any CPU
		{D339CF84-8E65-450B-89A8-F7346198874B}.Debug|Any CPU.Build.0 = Debug|Any CPU
		{D339CF84-8E65-450B-89A8-F7346198874B}.Release|Any CPU.ActiveCfg = Release|Any CPU
		{D339CF84-8E65-450B-89A8-F7346198874B}.Release|Any CPU.Build.0 = Release|Any CPU
	EndGlobalSection
	GlobalSection(SolutionProperties) = preSolution
		HideSolutionNode = FALSE
	EndGlobalSection
	GlobalSection(ExtensibilityGlobals) = postSolution
		SolutionGuid = {D34ABE37-5991-4477-82FA-491000D65A4A}
	EndGlobalSection
EndGlobal
